
Microsoft Visual Studio Solution File, Format Version 12.00
# Visual Studio Version 17
VisualStudioVersion = 17.13.36105.23 d17.13
MinimumVisualStudioVersion = 10.0.40219.1
Project("{FAE04EC0-301F-11D3-BF4B-00C04F79EFBC}") = "StoreSystem", "StoreSystem\StoreSystem.csproj", "{D32B0450-7ED1-41AD-975E-62259CCABABB}"
EndProject
Global
	GlobalSection(SolutionConfigurationPlatforms) = preSolution
		Debug|Any CPU = Debug|Any CPU
		Release|Any CPU = Release|Any CPU
	EndGlobalSection
	GlobalSection(ProjectConfigurationPlatforms) = postSolution
		{D32B0450-7ED1-41AD-975E-62259CCABABB}.Debug|Any CPU.ActiveCfg = Debug|Any CPU
		{D32B0450-7ED1-41AD-975E-62259CCABABB}.Debug|Any CPU.Build.0 = Debug|Any CPU
		{D32B0450-7ED1-41AD-975E-62259CCABABB}.Release|Any CPU.ActiveCfg = Release|Any CPU
		{D32B0450-7ED1-41AD-975E-62259CCABABB}.Release|Any CPU.Build.0 = Release|Any CPU
	EndGlobalSection
	GlobalSection(SolutionProperties) = preSolution
		HideSolutionNode = FALSE
	EndGlobalSection
	GlobalSection(ExtensibilityGlobals) = postSolution
		SolutionGuid = {2A0B75BE-45E6-4113-A660-37655CB58FBD}
	EndGlobalSection
EndGlobal
